
Microsoft Visual Studio Solution File, Format Version 12.00
# Visual Studio Version 17
VisualStudioVersion = 17.5.33414.496
MinimumVisualStudioVersion = 10.0.40219.1
Project("{FAE04EC0-301F-11D3-BF4B-00C04F79EFBC}") = "DesignPatternPractice", "DesignPatternPractice\DesignPatternPractice.csproj", "{C77C8251-7DAD-4892-ADD4-150876F8A726}"
EndProject
Global
	GlobalSection(SolutionConfigurationPlatforms) = preSolution
		Debug|Any CPU = Debug|Any CPU
		Release|Any CPU = Release|Any CPU
	EndGlobalSection
	GlobalSection(ProjectConfigurationPlatforms) = postSolution
		{C77C8251-7DAD-4892-ADD4-150876F8A726}.Debug|Any CPU.ActiveCfg = Debug|Any CPU
		{C77C8251-7DAD-4892-ADD4-150876F8A726}.Debug|Any CPU.Build.0 = Debug|Any CPU
		{C77C8251-7DAD-4892-ADD4-150876F8A726}.Release|Any CPU.ActiveCfg = Release|Any CPU
		{C77C8251-7DAD-4892-ADD4-150876F8A726}.Release|Any CPU.Build.0 = Release|Any CPU
	EndGlobalSection
	GlobalSection(SolutionProperties) = preSolution
		HideSolutionNode = FALSE
	EndGlobalSection
	GlobalSection(ExtensibilityGlobals) = postSolution
		SolutionGuid = {967F05C5-9E36-4FEF-8175-216F2C245D7B}
	EndGlobalSection
EndGlobal
